version = 1
revision = 3
requires-python = ">=3.12"

[[package]]
name = "colorama"
version = "0.4.6"
source = { registry = "https://pypi.org/simple" }
sdist = { url = "https://files.pythonhosted.org/packages/d8/53/6f443c9a4a8358a93a6792e2acffb9d9d5cb0a5cfd8802644b7b1c9a02e4/colorama-0.4.6.tar.gz", hash = "sha256:08695f5cb7ed6e0531a20572697297273c47b8cae5a63ffc6d6ed5c201be6e44", size = 27697, upload-time = "2022-10-25T02:36:22.414Z" }
wheels = [
    { url = "https://files.pythonhosted.org/packages/d1/d6/3965ed04c63042e047cb6a3e6ed1a63a35087b6a609aa3a15ed8ac56c221/colorama-0.4.6-py2.py3-none-any.whl", hash = "sha256:4f1d9991f5acc0ca119f9d443620b77f9d6b33703e51011c16baf57afb285fc6", size = 25335, upload-time = "2022-10-25T02:36:20.889Z" },
]

[[package]]
name = "coverage"
version = "7.11.3"
source = { registry = "https://pypi.org/simple" }
sdist = { url = "https://files.pythonhosted.org/packages/d2/59/9698d57a3b11704c7b89b21d69e9d23ecf80d538cabb536c8b63f4a12322/coverage-7.11.3.tar.gz", hash = "sha256:0f59387f5e6edbbffec2281affb71cdc85e0776c1745150a3ab9b6c1d016106b", size = 815210, upload-time = "2025-11-10T00:13:17.18Z" }
wheels = [
    { url = "https://files.pythonhosted.org/packages/c2/39/af056ec7a27c487e25c7f6b6e51d2ee9821dba1863173ddf4dc2eebef4f7/coverage-7.11.3-cp312-cp312-macosx_10_13_x86_64.whl", hash = "sha256:5b771b59ac0dfb7f139f70c85b42717ef400a6790abb6475ebac1ecee8de782f", size = 216676, upload-time = "2025-11-10T00:11:11.566Z" },
    { url = "https://files.pythonhosted.org/packages/3c/f8/21126d34b174d037b5d01bea39077725cbb9a0da94a95c5f96929c695433/coverage-7.11.3-cp312-cp312-macosx_11_0_arm64.whl", hash = "sha256:603c4414125fc9ae9000f17912dcfd3d3eb677d4e360b85206539240c96ea76e", size = 217034, upload-time = "2025-11-10T00:11:13.12Z" },
    { url = "https://files.pythonhosted.org/packages/d5/3f/0fd35f35658cdd11f7686303214bd5908225838f374db47f9e457c8d6df8/coverage-7.11.3-cp312-cp312-manylinux1_i686.manylinux_2_28_i686.manylinux_2_5_i686.whl", hash = "sha256:77ffb3b7704eb7b9b3298a01fe4509cef70117a52d50bcba29cffc5f53dd326a", size = 248531, upload-time = "2025-11-10T00:11:15.023Z" },
    { url = "https://files.pythonhosted.org/packages/8f/59/0bfc5900fc15ce4fd186e092451de776bef244565c840c9c026fd50857e1/coverage-7.11.3-cp312-cp312-manylinux1_x86_64.manylinux_2_28_x86_64.manylinux_2_5_x86_64.whl", hash = "sha256:4d4ca49f5ba432b0755ebb0fc3a56be944a19a16bb33802264bbc7311622c0d1", size = 251290, upload-time = "2025-11-10T00:11:16.628Z" },
    { url = "https://files.pythonhosted.org/packages/71/88/d5c184001fa2ac82edf1b8f2cd91894d2230d7c309e937c54c796176e35b/coverage-7.11.3-cp312-cp312-manylinux2014_aarch64.manylinux_2_17_aarch64.manylinux_2_28_aarch64.whl", hash = "sha256:05fd3fb6edff0c98874d752013588836f458261e5eba587afe4c547bba544afd", size = 252375, upload-time = "2025-11-10T00:11:18.249Z" },
    { url = "https://files.pythonhosted.org/packages/5c/29/f60af9f823bf62c7a00ce1ac88441b9a9a467e499493e5cc65028c8b8dd2/coverage-7.11.3-cp312-cp312-manylinux_2_31_riscv64.manylinux_2_39_riscv64.whl", hash = "sha256:0e920567f8c3a3ce68ae5a42cf7c2dc4bb6cc389f18bff2235dd8c03fa405de5", size = 248946, upload-time = "2025-11-10T00:11:20.202Z" },
    { url = "https://files.pythonhosted.org/packages/67/16/4662790f3b1e03fce5280cad93fd18711c35980beb3c6f28dca41b5230c6/coverage-7.11.3-cp312-cp312-musllinux_1_2_aarch64.whl", hash = "sha256:4bec8c7160688bd5a34e65c82984b25409563134d63285d8943d0599efbc448e", size = 250310, upload-time = "2025-11-10T00:11:21.689Z" },
    { url = "https://files.pythonhosted.org/packages/8f/75/dd6c2e28308a83e5fc1ee602f8204bd3aa5af685c104cb54499230cf56db/coverage-7.11.3-cp312-cp312-musllinux_1_2_i686.whl", hash = "sha256:adb9b7b42c802bd8cb3927de8c1c26368ce50c8fdaa83a9d8551384d77537044", size = 248461, upload-time = "2025-11-10T00:11:23.384Z" },
    { url = "https://files.pythonhosted.org/packages/16/fe/b71af12be9f59dc9eb060688fa19a95bf3223f56c5af1e9861dfa2275d2c/coverage-7.11.3-cp312-cp312-musllinux_1_2_riscv64.whl", hash = "sha256:c8f563b245b4ddb591e99f28e3cd140b85f114b38b7f95b2e42542f0603eb7d7", size = 248039, upload-time = "2025-11-10T00:11:25.07Z" },
    { url = "https://files.pythonhosted.org/packages/11/b8/023b2003a2cd96bdf607afe03d9b96c763cab6d76e024abe4473707c4eb8/coverage-7.11.3-cp312-cp312-musllinux_1_2_x86_64.whl", hash = "sha256:e2a96fdc7643c9517a317553aca13b5cae9bad9a5f32f4654ce247ae4d321405", size = 249903, upload-time = "2025-11-10T00:11:26.992Z" },
    { url = "https://files.pythonhosted.org/packages/d6/ee/5f1076311aa67b1fa4687a724cc044346380e90ce7d94fec09fd384aa5fd/coverage-7.11.3-cp312-cp312-win32.whl", hash = "sha256:e8feeb5e8705835f0622af0fe7ff8d5cb388948454647086494d6c41ec142c2e", size = 219201, upload-time = "2025-11-10T00:11:28.619Z" },
    { url = "https://files.pythonhosted.org/packages/4f/24/d21688f48fe9fcc778956680fd5aaf69f4e23b245b7c7a4755cbd421d25b/coverage-7.11.3-cp312-cp312-win_amd64.whl", hash = "sha256:abb903ffe46bd319d99979cdba350ae7016759bb69f47882242f7b93f3356055", size = 220012, upload-time = "2025-11-10T00:11:30.234Z" },
    { url = "https://files.pythonhosted.org/packages/4f/9e/d5eb508065f291456378aa9b16698b8417d87cb084c2b597f3beb00a8084/coverage-7.11.3-cp312-cp312-win_arm64.whl", hash = "sha256:1451464fd855d9bd000c19b71bb7dafea9ab815741fb0bd9e813d9b671462d6f", size = 218652, upload-time = "2025-11-10T00:11:32.165Z" },
    { url = "https://files.pythonhosted.org/packages/6d/f6/d8572c058211c7d976f24dab71999a565501fb5b3cdcb59cf782f19c4acb/coverage-7.11.3-cp313-cp313-macosx_10_13_x86_64.whl", hash = "sha256:84b892e968164b7a0498ddc5746cdf4e985700b902128421bb5cec1080a6ee36", size = 216694, upload-time = "2025-11-10T00:11:34.296Z" },
    { url = "https://files.pythonhosted.org/packages/4a/f6/b6f9764d90c0ce1bce8d995649fa307fff21f4727b8d950fa2843b7b0de5/coverage-7.11.3-cp313-cp313-macosx_11_0_arm64.whl", hash = "sha256:f761dbcf45e9416ec4698e1a7649248005f0064ce3523a47402d1bff4af2779e", size = 217065, upload-time = "2025-11-10T00:11:36.281Z" },
    { url = "https://files.pythonhosted.org/packages/a5/8d/a12cb424063019fd077b5be474258a0ed8369b92b6d0058e673f0a945982/coverage-7.11.3-cp313-cp313-manylinux1_i686.manylinux_2_28_i686.manylinux_2_5_i686.whl", hash = "sha256:1410bac9e98afd9623f53876fae7d8a5db9f5a0ac1c9e7c5188463cb4b3212e2", size = 248062, upload-time = "2025-11-10T00:11:37.903Z" },
    { url = "https://files.pythonhosted.org/packages/7f/9c/dab1a4e8e75ce053d14259d3d7485d68528a662e286e184685ea49e71156/coverage-7.11.3-cp313-cp313-manylinux1_x86_64.manylinux_2_28_x86_64.manylinux_2_5_x86_64.whl", hash = "sha256:004cdcea3457c0ea3233622cd3464c1e32ebba9b41578421097402bee6461b63", size = 250657, upload-time = "2025-11-10T00:11:39.509Z" },
    { url = "https://files.pythonhosted.org/packages/3f/89/a14f256438324f33bae36f9a1a7137729bf26b0a43f5eda60b147ec7c8c7/coverage-7.11.3-cp313-cp313-manylinux2014_aarch64.manylinux_2_17_aarch64.manylinux_2_28_aarch64.whl", hash = "sha256:8f067ada2c333609b52835ca4d4868645d3b63ac04fb2b9a658c55bba7f667d3", size = 251900, upload-time = "2025-11-10T00:11:41.372Z" },
    { url = "https://files.pythonhosted.org/packages/04/07/75b0d476eb349f1296486b1418b44f2d8780cc8db47493de3755e5340076/coverage-7.11.3-cp313-cp313-manylinux_2_31_riscv64.manylinux_2_39_riscv64.whl", hash = "sha256:07bc7745c945a6d95676953e86ba7cebb9f11de7773951c387f4c07dc76d03f5", size = 248254, upload-time = "2025-11-10T00:11:43.27Z" },
    { url = "https://files.pythonhosted.org/packages/5a/4b/0c486581fa72873489ca092c52792d008a17954aa352809a7cbe6cf0bf07/coverage-7.11.3-cp313-cp313-musllinux_1_2_aarch64.whl", hash = "sha256:8bba7e4743e37484ae17d5c3b8eb1ce78b564cb91b7ace2e2182b25f0f764cb5", size = 250041, upload-time = "2025-11-10T00:11:45.274Z" },
    { url = "https://files.pythonhosted.org/packages/af/a3/0059dafb240ae3e3291f81b8de00e9c511d3dd41d687a227dd4b529be591/coverage-7.11.3-cp313-cp313-musllinux_1_2_i686.whl", hash = "sha256:fbffc22d80d86fbe456af9abb17f7a7766e7b2101f7edaacc3535501691563f7", size = 248004, upload-time = "2025-11-10T00:11:46.93Z" },
    { url = "https://files.pythonhosted.org/packages/83/93/967d9662b1eb8c7c46917dcc7e4c1875724ac3e73c3cb78e86d7a0ac719d/coverage-7.11.3-cp313-cp313-musllinux_1_2_riscv64.whl", hash = "sha256:0dba4da36730e384669e05b765a2c49f39514dd3012fcc0398dd66fba8d746d5", size = 247828, upload-time = "2025-11-10T00:11:48.563Z" },
    { url = "https://files.pythonhosted.org/packages/4c/1c/5077493c03215701e212767e470b794548d817dfc6247a4718832cc71fac/coverage-7.11.3-cp313-cp313-musllinux_1_2_x86_64.whl", hash = "sha256:ae12fe90b00b71a71b69f513773310782ce01d5f58d2ceb2b7c595ab9d222094", size = 249588, upload-time = "2025-11-10T00:11:50.581Z" },
    { url = "https://files.pythonhosted.org/packages/7f/a5/77f64de461016e7da3e05d7d07975c89756fe672753e4cf74417fc9b9052/coverage-7.11.3-cp313-cp313-win32.whl", hash = "sha256:12d821de7408292530b0d241468b698bce18dd12ecaf45316149f53877885f8c", size = 219223, upload-time = "2025-11-10T00:11:52.184Z" },
    { url = "https://files.pythonhosted.org/packages/ed/1c/ec51a3c1a59d225b44bdd3a4d463135b3159a535c2686fac965b698524f4/coverage-7.11.3-cp313-cp313-win_amd64.whl", hash = "sha256:6bb599052a974bb6cedfa114f9778fedfad66854107cf81397ec87cb9b8fbcf2", size = 220033, upload-time = "2025-11-10T00:11:53.871Z" },
    { url = "https://files.pythonhosted.org/packages/01/ec/e0ce39746ed558564c16f2cc25fa95ce6fc9fa8bfb3b9e62855d4386b886/coverage-7.11.3-cp313-cp313-win_arm64.whl", hash = "sha256:bb9d7efdb063903b3fdf77caec7b77c3066885068bdc0d44bc1b0c171033f944", size = 218661, upload-time = "2025-11-10T00:11:55.597Z" },
    { url = "https://files.pythonhosted.org/packages/46/cb/483f130bc56cbbad2638248915d97b185374d58b19e3cc3107359715949f/coverage-7.11.3-cp313-cp313t-macosx_10_13_x86_64.whl", hash = "sha256:fb58da65e3339b3dbe266b607bb936efb983d86b00b03eb04c4ad5b442c58428", size = 217389, upload-time = "2025-11-10T00:11:57.59Z" },
    { url = "https://files.pythonhosted.org/packages/cb/ae/81f89bae3afef75553cf10e62feb57551535d16fd5859b9ee5a2a97ddd27/coverage-7.11.3-cp313-cp313t-macosx_11_0_arm64.whl", hash = "sha256:8d16bbe566e16a71d123cd66382c1315fcd520c7573652a8074a8fe281b38c6a", size = 217742, upload-time = "2025-11-10T00:11:59.519Z" },
    { url = "https://files.pythonhosted.org/packages/db/6e/a0fb897041949888191a49c36afd5c6f5d9f5fd757e0b0cd99ec198a324b/coverage-7.11.3-cp313-cp313t-manylinux1_i686.manylinux_2_28_i686.manylinux_2_5_i686.whl", hash = "sha256:a8258f10059b5ac837232c589a350a2df4a96406d6d5f2a09ec587cbdd539655", size = 259049, upload-time = "2025-11-10T00:12:01.592Z" },
    { url = "https://files.pythonhosted.org/packages/d9/b6/d13acc67eb402d91eb94b9bd60593411799aed09ce176ee8d8c0e39c94ca/coverage-7.11.3-cp313-cp313t-manylinux1_x86_64.manylinux_2_28_x86_64.manylinux_2_5_x86_64.whl", hash = "sha256:4c5627429f7fbff4f4131cfdd6abd530734ef7761116811a707b88b7e205afd7", size = 261113, upload-time = "2025-11-10T00:12:03.639Z" },
    { url = "https://files.pythonhosted.org/packages/ea/07/a6868893c48191d60406df4356aa7f0f74e6de34ef1f03af0d49183e0fa1/coverage-7.11.3-cp313-cp313t-manylinux2014_aarch64.manylinux_2_17_aarch64.manylinux_2_28_aarch64.whl", hash = "sha256:465695268414e149bab754c54b0c45c8ceda73dd4a5c3ba255500da13984b16d", size = 263546, upload-time = "2025-11-10T00:12:05.485Z" },
    { url = "https://files.pythonhosted.org/packages/24/e5/28598f70b2c1098332bac47925806353b3313511d984841111e6e760c016/coverage-7.11.3-cp313-cp313t-manylinux_2_31_riscv64.manylinux_2_39_riscv64.whl", hash = "sha256:4ebcddfcdfb4c614233cff6e9a3967a09484114a8b2e4f2c7a62dc83676ba13f", size = 258260, upload-time = "2025-11-10T00:12:07.137Z" },
    { url = "https://files.pythonhosted.org/packages/0e/58/58e2d9e6455a4ed746a480c4b9cf96dc3cb2a6b8f3efbee5efd33ae24b06/coverage-7.11.3-cp313-cp313t-musllinux_1_2_aarch64.whl", hash = "sha256:13b2066303a1c1833c654d2af0455bb009b6e1727b3883c9964bc5c2f643c1d0", size = 261121, upload-time = "2025-11-10T00:12:09.138Z" },
    { url = "https://files.pythonhosted.org/packages/17/57/38803eefb9b0409934cbc5a14e3978f0c85cb251d2b6f6a369067a7105a0/coverage-7.11.3-cp313-cp313t-musllinux_1_2_i686.whl", hash = "sha256:d8750dd20362a1b80e3cf84f58013d4672f89663aee457ea59336df50fab6739", size = 258736, upload-time = "2025-11-10T00:12:11.195Z" },
    { url = "https://files.pythonhosted.org/packages/a8/f3/f94683167156e93677b3442be1d4ca70cb33718df32a2eea44a5898f04f6/coverage-7.11.3-cp313-cp313t-musllinux_1_2_riscv64.whl", hash = "sha256:ab6212e62ea0e1006531a2234e209607f360d98d18d532c2fa8e403c1afbdd71", size = 257625, upload-time = "2025-11-10T00:12:12.843Z" },
    { url = "https://files.pythonhosted.org/packages/87/ed/42d0bf1bc6bfa7d65f52299a31daaa866b4c11000855d753857fe78260ac/coverage-7.11.3-cp313-cp313t-musllinux_1_2_x86_64.whl", hash = "sha256:a6b17c2b5e0b9bb7702449200f93e2d04cb04b1414c41424c08aa1e5d352da76", size = 259827, upload-time = "2025-11-10T00:12:15.128Z" },
    { url = "https://files.pythonhosted.org/packages/d3/76/5682719f5d5fbedb0c624c9851ef847407cae23362deb941f185f489c54e/coverage-7.11.3-cp313-cp313t-win32.whl", hash = "sha256:426559f105f644b69290ea414e154a0d320c3ad8a2bb75e62884731f69cf8e2c", size = 219897, upload-time = "2025-11-10T00:12:17.274Z" },
    { url = "https://files.pythonhosted.org/packages/10/e0/1da511d0ac3d39e6676fa6cc5ec35320bbf1cebb9b24e9ee7548ee4e931a/coverage-7.11.3-cp313-cp313t-win_amd64.whl", hash = "sha256:90a96fcd824564eae6137ec2563bd061d49a32944858d4bdbae5c00fb10e76ac", size = 220959, upload-time = "2025-11-10T00:12:19.292Z" },
    { url = "https://files.pythonhosted.org/packages/e5/9d/e255da6a04e9ec5f7b633c54c0fdfa221a9e03550b67a9c83217de12e96c/coverage-7.11.3-cp313-cp313t-win_arm64.whl", hash = "sha256:1e33d0bebf895c7a0905fcfaff2b07ab900885fc78bba2a12291a2cfbab014cc", size = 219234, upload-time = "2025-11-10T00:12:21.251Z" },
    { url = "https://files.pythonhosted.org/packages/84/d6/634ec396e45aded1772dccf6c236e3e7c9604bc47b816e928f32ce7987d1/coverage-7.11.3-cp314-cp314-macosx_10_15_x86_64.whl", hash = "sha256:fdc5255eb4815babcdf236fa1a806ccb546724c8a9b129fd1ea4a5448a0bf07c", size = 216746, upload-time = "2025-11-10T00:12:23.089Z" },
    { url = "https://files.pythonhosted.org/packages/28/76/1079547f9d46f9c7c7d0dad35b6873c98bc5aa721eeabceafabd722cd5e7/coverage-7.11.3-cp314-cp314-macosx_11_0_arm64.whl", hash = "sha256:fe3425dc6021f906c6325d3c415e048e7cdb955505a94f1eb774dafc779ba203", size = 217077, upload-time = "2025-11-10T00:12:24.863Z" },
    { url = "https://files.pythonhosted.org/packages/2d/71/6ad80d6ae0d7cb743b9a98df8bb88b1ff3dc54491508a4a97549c2b83400/coverage-7.11.3-cp314-cp314-manylinux1_i686.manylinux_2_28_i686.manylinux_2_5_i686.whl", hash = "sha256:4ca5f876bf41b24378ee67c41d688155f0e54cdc720de8ef9ad6544005899240", size = 248122, upload-time = "2025-11-10T00:12:26.553Z" },
    { url = "https://files.pythonhosted.org/packages/20/1d/784b87270784b0b88e4beec9d028e8d58f73ae248032579c63ad2ac6f69a/coverage-7.11.3-cp314-cp314-manylinux1_x86_64.manylinux_2_28_x86_64.manylinux_2_5_x86_64.whl", hash = "sha256:9061a3e3c92b27fd8036dafa26f25d95695b6aa2e4514ab16a254f297e664f83", size = 250638, upload-time = "2025-11-10T00:12:28.555Z" },
    { url = "https://files.pythonhosted.org/packages/f5/26/b6dd31e23e004e9de84d1a8672cd3d73e50f5dae65dbd0f03fa2cdde6100/coverage-7.11.3-cp314-cp314-manylinux2014_aarch64.manylinux_2_17_aarch64.manylinux_2_28_aarch64.whl", hash = "sha256:abcea3b5f0dc44e1d01c27090bc32ce6ffb7aa665f884f1890710454113ea902", size = 251972, upload-time = "2025-11-10T00:12:30.246Z" },
    { url = "https://files.pythonhosted.org/packages/c9/ef/f9c64d76faac56b82daa036b34d4fe9ab55eb37f22062e68e9470583e688/coverage-7.11.3-cp314-cp314-manylinux_2_31_riscv64.manylinux_2_39_riscv64.whl", hash = "sha256:68c4eb92997dbaaf839ea13527be463178ac0ddd37a7ac636b8bc11a51af2428", size = 248147, upload-time = "2025-11-10T00:12:32.195Z" },
    { url = "https://files.pythonhosted.org/packages/b6/eb/5b666f90a8f8053bd264a1ce693d2edef2368e518afe70680070fca13ecd/coverage-7.11.3-cp314-cp314-musllinux_1_2_aarch64.whl", hash = "sha256:149eccc85d48c8f06547534068c41d69a1a35322deaa4d69ba1561e2e9127e75", size = 249995, upload-time = "2025-11-10T00:12:33.969Z" },
    { url = "https://files.pythonhosted.org/packages/eb/7b/871e991ffb5d067f8e67ffb635dabba65b231d6e0eb724a4a558f4a702a5/coverage-7.11.3-cp314-cp314-musllinux_1_2_i686.whl", hash = "sha256:08c0bcf932e47795c49f0406054824b9d45671362dfc4269e0bc6e4bff010704", size = 247948, upload-time = "2025-11-10T00:12:36.341Z" },
    { url = "https://files.pythonhosted.org/packages/0a/8b/ce454f0af9609431b06dbe5485fc9d1c35ddc387e32ae8e374f49005748b/coverage-7.11.3-cp314-cp314-musllinux_1_2_riscv64.whl", hash = "sha256:39764c6167c82d68a2d8c97c33dba45ec0ad9172570860e12191416f4f8e6e1b", size = 247770, upload-time = "2025-11-10T00:12:38.167Z" },
    { url = "https://files.pythonhosted.org/packages/61/8f/79002cb58a61dfbd2085de7d0a46311ef2476823e7938db80284cedd2428/coverage-7.11.3-cp314-cp314-musllinux_1_2_x86_64.whl", hash = "sha256:3224c7baf34e923ffc78cb45e793925539d640d42c96646db62dbd61bbcfa131", size = 249431, upload-time = "2025-11-10T00:12:40.354Z" },
    { url = "https://files.pythonhosted.org/packages/58/cc/d06685dae97468ed22999440f2f2f5060940ab0e7952a7295f236d98cce7/coverage-7.11.3-cp314-cp314-win32.whl", hash = "sha256:c713c1c528284d636cd37723b0b4c35c11190da6f932794e145fc40f8210a14a", size = 219508, upload-time = "2025-11-10T00:12:42.231Z" },
    { url = "https://files.pythonhosted.org/packages/5f/ed/770cd07706a3598c545f62d75adf2e5bd3791bffccdcf708ec383ad42559/coverage-7.11.3-cp314-cp314-win_amd64.whl", hash = "sha256:c381a252317f63ca0179d2c7918e83b99a4ff3101e1b24849b999a00f9cd4f86", size = 220325, upload-time = "2025-11-10T00:12:44.065Z" },
    { url = "https://files.pythonhosted.org/packages/ee/ac/6a1c507899b6fb1b9a56069954365f655956bcc648e150ce64c2b0ecbed8/coverage-7.11.3-cp314-cp314-win_arm64.whl", hash = "sha256:3e33a968672be1394eded257ec10d4acbb9af2ae263ba05a99ff901bb863557e", size = 218899, upload-time = "2025-11-10T00:12:46.18Z" },
    { url = "https://files.pythonhosted.org/packages/9a/58/142cd838d960cd740654d094f7b0300d7b81534bb7304437d2439fb685fb/coverage-7.11.3-cp314-cp314t-macosx_10_15_x86_64.whl", hash = "sha256:f9c96a29c6d65bd36a91f5634fef800212dff69dacdb44345c4c9783943ab0df", size = 217471, upload-time = "2025-11-10T00:12:48.392Z" },
    { url = "https://files.pythonhosted.org/packages/bc/2c/2f44d39eb33e41ab3aba80571daad32e0f67076afcf27cb443f9e5b5a3ee/coverage-7.11.3-cp314-cp314t-macosx_11_0_arm64.whl", hash = "sha256:2ec27a7a991d229213c8070d31e3ecf44d005d96a9edc30c78eaeafaa421c001", size = 217742, upload-time = "2025-11-10T00:12:50.182Z" },
    { url = "https://files.pythonhosted.org/packages/32/76/8ebc66c3c699f4de3174a43424c34c086323cd93c4930ab0f835731c443a/coverage-7.11.3-cp314-cp314t-manylinux1_i686.manylinux_2_28_i686.manylinux_2_5_i686.whl", hash = "sha256:72c8b494bd20ae1c58528b97c4a67d5cfeafcb3845c73542875ecd43924296de", size = 259120, upload-time = "2025-11-10T00:12:52.451Z" },
    { url = "https://files.pythonhosted.org/packages/19/89/78a3302b9595f331b86e4f12dfbd9252c8e93d97b8631500888f9a3a2af7/coverage-7.11.3-cp314-cp314t-manylinux1_x86_64.manylinux_2_28_x86_64.manylinux_2_5_x86_64.whl", hash = "sha256:60ca149a446da255d56c2a7a813b51a80d9497a62250532598d249b3cdb1a926", size = 261229, upload-time = "2025-11-10T00:12:54.667Z" },
    { url = "https://files.pythonhosted.org/packages/07/59/1a9c0844dadef2a6efac07316d9781e6c5a3f3ea7e5e701411e99d619bfd/coverage-7.11.3-cp314-cp314t-manylinux2014_aarch64.manylinux_2_17_aarch64.manylinux_2_28_aarch64.whl", hash = "sha256:eb5069074db19a534de3859c43eec78e962d6d119f637c41c8e028c5ab3f59dd", size = 263642, upload-time = "2025-11-10T00:12:56.841Z" },
    { url = "https://files.pythonhosted.org/packages/37/86/66c15d190a8e82eee777793cabde730640f555db3c020a179625a2ad5320/coverage-7.11.3-cp314-cp314t-manylinux_2_31_riscv64.manylinux_2_39_riscv64.whl", hash = "sha256:ac5d5329c9c942bbe6295f4251b135d860ed9f86acd912d418dce186de7c19ac", size = 258193, upload-time = "2025-11-10T00:12:58.687Z" },
    { url = "https://files.pythonhosted.org/packages/c7/c7/4a4aeb25cb6f83c3ec4763e5f7cc78da1c6d4ef9e22128562204b7f39390/coverage-7.11.3-cp314-cp314t-musllinux_1_2_aarch64.whl", hash = "sha256:e22539b676fafba17f0a90ac725f029a309eb6e483f364c86dcadee060429d46", size = 261107, upload-time = "2025-11-10T00:13:00.502Z" },
    { url = "https://files.pythonhosted.org/packages/ed/91/b986b5035f23cf0272446298967ecdd2c3c0105ee31f66f7e6b6948fd7f8/coverage-7.11.3-cp314-cp314t-musllinux_1_2_i686.whl", hash = "sha256:2376e8a9c889016f25472c452389e98bc6e54a19570b107e27cde9d47f387b64", size = 258717, upload-time = "2025-11-10T00:13:02.747Z" },
    { url = "https://files.pythonhosted.org/packages/f0/c7/6c084997f5a04d050c513545d3344bfa17bd3b67f143f388b5757d762b0b/coverage-7.11.3-cp314-cp314t-musllinux_1_2_riscv64.whl", hash = "sha256:4234914b8c67238a3c4af2bba648dc716aa029ca44d01f3d51536d44ac16854f", size = 257541, upload-time = "2025-11-10T00:13:04.689Z" },
    { url = "https://files.pythonhosted.org/packages/3b/c5/38e642917e406930cb67941210a366ccffa767365c8f8d9ec0f465a8b218/coverage-7.11.3-cp314-cp314t-musllinux_1_2_x86_64.whl", hash = "sha256:f0b4101e2b3c6c352ff1f70b3a6fcc7c17c1ab1a91ccb7a33013cb0782af9820", size = 259872, upload-time = "2025-11-10T00:13:06.559Z" },
    { url = "https://files.pythonhosted.org/packages/b7/67/5e812979d20c167f81dbf9374048e0193ebe64c59a3d93d7d947b07865fa/coverage-7.11.3-cp314-cp314t-win32.whl", hash = "sha256:305716afb19133762e8cf62745c46c4853ad6f9eeba54a593e373289e24ea237", size = 220289, upload-time = "2025-11-10T00:13:08.635Z" },
    { url = "https://files.pythonhosted.org/packages/24/3a/b72573802672b680703e0df071faadfab7dcd4d659aaaffc4626bc8bbde8/coverage-7.11.3-cp314-cp314t-win_amd64.whl", hash = "sha256:9245bd392572b9f799261c4c9e7216bafc9405537d0f4ce3ad93afe081a12dc9", size = 221398, upload-time = "2025-11-10T00:13:10.734Z" },
    { url = "https://files.pythonhosted.org/packages/f8/4e/649628f28d38bad81e4e8eb3f78759d20ac173e3c456ac629123815feb40/coverage-7.11.3-cp314-cp314t-win_arm64.whl", hash = "sha256:9a1d577c20b4334e5e814c3d5fe07fa4a8c3ae42a601945e8d7940bab811d0bd", size = 219435, upload-time = "2025-11-10T00:13:12.712Z" },
    { url = "https://files.pythonhosted.org/packages/19/8f/92bdd27b067204b99f396a1414d6342122f3e2663459baf787108a6b8b84/coverage-7.11.3-py3-none-any.whl", hash = "sha256:351511ae28e2509c8d8cae5311577ea7dd511ab8e746ffc8814a0896c3d33fbe", size = 208478, upload-time = "2025-11-10T00:13:14.908Z" },
]

[[package]]
name = "iniconfig"
version = "2.3.0"
source = { registry = "https://pypi.org/simple" }
sdist = { url = "https://files.pythonhosted.org/packages/72/34/14ca021ce8e5dfedc35312d08ba8bf51fdd999c576889fc2c24cb97f4f10/iniconfig-2.3.0.tar.gz", hash = "sha256:c76315c77db068650d49c5b56314774a7804df16fee4402c1f19d6d15d8c4730", size = 20503, upload-time = "2025-10-18T21:55:43.219Z" }
wheels = [
    { url = "https://files.pythonhosted.org/packages/cb/b1/3846dd7f199d53cb17f49cba7e651e9ce294d8497c8c150530ed11865bb8/iniconfig-2.3.0-py3-none-any.whl", hash = "sha256:f631c04d2c48c52b84d0d0549c99ff3859c98df65b3101406327ecc7d53fbf12", size = 7484, upload-time = "2025-10-18T21:55:41.639Z" },
]

[[package]]
name = "packaging"
version = "25.0"
source = { registry = "https://pypi.org/simple" }
sdist = { url = "https://files.pythonhosted.org/packages/a1/d4/1fc4078c65507b51b96ca8f8c3ba19e6a61c8253c72794544580a7b6c24d/packaging-25.0.tar.gz", hash = "sha256:d443872c98d677bf60f6a1f2f8c1cb748e8fe762d2bf9d3148b5599295b0fc4f", size = 165727, upload-time = "2025-04-19T11:48:59.673Z" }
wheels = [
    { url = "https://files.pythonhosted.org/packages/20/12/38679034af332785aac8774540895e234f4d07f7545804097de4b666afd8/packaging-25.0-py3-none-any.whl", hash = "sha256:29572ef2b1f17581046b3a2227d5c611fb25ec70ca1ba8554b24b0e69331a484", size = 66469, upload-time = "2025-04-19T11:48:57.875Z" },
]

[[package]]
name = "peptacular"
version = "0.1.0"
source = { editable = "." }
dependencies = [
    { name = "pympler" },
    { name = "pyteomics" },
    { name = "ruff" },
]

[package.optional-dependencies]
dev = [
    { name = "pytest" },
    { name = "pytest-cov" },
]

[package.dev-dependencies]
dev = [
    { name = "pytest" },
    { name = "pytest-cov" },
]

[package.metadata]
requires-dist = [
    { name = "pympler", specifier = ">=1.1" },
    { name = "pyteomics", specifier = ">=4.7.5" },
    { name = "pytest", marker = "extra == 'dev'", specifier = ">=8.0.0" },
    { name = "pytest-cov", marker = "extra == 'dev'", specifier = ">=4.0.0" },
    { name = "ruff", specifier = ">=0.14.7" },
]
provides-extras = ["dev"]

[package.metadata.requires-dev]
dev = [
    { name = "pytest", specifier = ">=9.0.1" },
    { name = "pytest-cov", specifier = ">=6.0.0" },
]

[[package]]
name = "pluggy"
version = "1.6.0"
source = { registry = "https://pypi.org/simple" }
sdist = { url = "https://files.pythonhosted.org/packages/f9/e2/3e91f31a7d2b083fe6ef3fa267035b518369d9511ffab804f839851d2779/pluggy-1.6.0.tar.gz", hash = "sha256:7dcc130b76258d33b90f61b658791dede3486c3e6bfb003ee5c9bfb396dd22f3", size = 69412, upload-time = "2025-05-15T12:30:07.975Z" }
wheels = [
    { url = "https://files.pythonhosted.org/packages/54/20/4d324d65cc6d9205fabedc306948156824eb9f0ee1633355a8f7ec5c66bf/pluggy-1.6.0-py3-none-any.whl", hash = "sha256:e920276dd6813095e9377c0bc5566d94c932c33b27a3e3945d8389c374dd4746", size = 20538, upload-time = "2025-05-15T12:30:06.134Z" },
]

[[package]]
name = "pygments"
version = "2.19.2"
source = { registry = "https://pypi.org/simple" }
sdist = { url = "https://files.pythonhosted.org/packages/b0/77/a5b8c569bf593b0140bde72ea885a803b82086995367bf2037de0159d924/pygments-2.19.2.tar.gz", hash = "sha256:636cb2477cec7f8952536970bc533bc43743542f70392ae026374600add5b887", size = 4968631, upload-time = "2025-06-21T13:39:12.283Z" }
wheels = [
    { url = "https://files.pythonhosted.org/packages/c7/21/705964c7812476f378728bdf590ca4b771ec72385c533964653c68e86bdc/pygments-2.19.2-py3-none-any.whl", hash = "sha256:86540386c03d588bb81d44bc3928634ff26449851e99741617ecb9037ee5ec0b", size = 1225217, upload-time = "2025-06-21T13:39:07.939Z" },
]

[[package]]
name = "pympler"
version = "1.1"
source = { registry = "https://pypi.org/simple" }
dependencies = [
    { name = "pywin32", marker = "sys_platform == 'win32'" },
]
sdist = { url = "https://files.pythonhosted.org/packages/dd/37/c384631908029676d8e7213dd956bb686af303a80db7afbc9be36bc49495/pympler-1.1.tar.gz", hash = "sha256:1eaa867cb8992c218430f1708fdaccda53df064144d1c5656b1e6f1ee6000424", size = 179954, upload-time = "2024-06-28T19:56:06.563Z" }
wheels = [
    { url = "https://files.pythonhosted.org/packages/79/4f/a6a2e2b202d7fd97eadfe90979845b8706676b41cbd3b42ba75adf329d1f/Pympler-1.1-py3-none-any.whl", hash = "sha256:5b223d6027d0619584116a0cbc28e8d2e378f7a79c1e5e024f9ff3b673c58506", size = 165766, upload-time = "2024-06-28T19:56:05.087Z" },
]

[[package]]
name = "pyteomics"
version = "4.7.5"
source = { registry = "https://pypi.org/simple" }
sdist = { url = "https://files.pythonhosted.org/packages/1a/cd/b7eb951a99ad3ab425a2dbc6e38af076116d13ebcbe144019a2bd37dc093/pyteomics-4.7.5.tar.gz", hash = "sha256:382aeaa8b921bdd2a7e5b4aa9fe46c6184bb43701205a845b4b861ee3e88f46a", size = 236493, upload-time = "2024-10-18T13:26:29.903Z" }
wheels = [
    { url = "https://files.pythonhosted.org/packages/92/59/2ea7637f20a0e2d082fc0cae021d20934aa49ac8154db817a1a3fa9e27b5/pyteomics-4.7.5-py2.py3-none-any.whl", hash = "sha256:9b8008ad8d8bbbc6856c4e804bc88e018df44809cd9a86900862b311e760862d", size = 238983, upload-time = "2024-10-18T13:26:25.923Z" },
    { url = "https://files.pythonhosted.org/packages/fb/62/b5d706255739553398d3a308d92e2476d5a363ad3ca0598c51bc75cc5054/pyteomics-4.7.5-py3-none-any.whl", hash = "sha256:5155e1d2581845926e49b0abd0be8cfd6ea45ffd3511958b805347037c5934c8", size = 238978, upload-time = "2024-10-18T13:26:27.764Z" },
]

[[package]]
name = "pytest"
version = "9.0.1"
source = { registry = "https://pypi.org/simple" }
dependencies = [
    { name = "colorama", marker = "sys_platform == 'win32'" },
    { name = "iniconfig" },
    { name = "packaging" },
    { name = "pluggy" },
    { name = "pygments" },
]
sdist = { url = "https://files.pythonhosted.org/packages/07/56/f013048ac4bc4c1d9be45afd4ab209ea62822fb1598f40687e6bf45dcea4/pytest-9.0.1.tar.gz", hash = "sha256:3e9c069ea73583e255c3b21cf46b8d3c56f6e3a1a8f6da94ccb0fcf57b9d73c8", size = 1564125, upload-time = "2025-11-12T13:05:09.333Z" }
wheels = [
    { url = "https://files.pythonhosted.org/packages/0b/8b/6300fb80f858cda1c51ffa17075df5d846757081d11ab4aa35cef9e6258b/pytest-9.0.1-py3-none-any.whl", hash = "sha256:67be0030d194df2dfa7b556f2e56fb3c3315bd5c8822c6951162b92b32ce7dad", size = 373668, upload-time = "2025-11-12T13:05:07.379Z" },
]

[[package]]
name = "pytest-cov"
version = "7.0.0"
source = { registry = "https://pypi.org/simple" }
dependencies = [
    { name = "coverage" },
    { name = "pluggy" },
    { name = "pytest" },
]
sdist = { url = "https://files.pythonhosted.org/packages/5e/f7/c933acc76f5208b3b00089573cf6a2bc26dc80a8aece8f52bb7d6b1855ca/pytest_cov-7.0.0.tar.gz", hash = "sha256:33c97eda2e049a0c5298e91f519302a1334c26ac65c1a483d6206fd458361af1", size = 54328, upload-time = "2025-09-09T10:57:02.113Z" }
wheels = [
    { url = "https://files.pythonhosted.org/packages/ee/49/1377b49de7d0c1ce41292161ea0f721913fa8722c19fb9c1e3aa0367eecb/pytest_cov-7.0.0-py3-none-any.whl", hash = "sha256:3b8e9558b16cc1479da72058bdecf8073661c7f57f7d3c5f22a1c23507f2d861", size = 22424, upload-time = "2025-09-09T10:57:00.695Z" },
]

[[package]]
name = "pywin32"
version = "311"
source = { registry = "https://pypi.org/simple" }
wheels = [
    { url = "https://files.pythonhosted.org/packages/e7/ab/01ea1943d4eba0f850c3c61e78e8dd59757ff815ff3ccd0a84de5f541f42/pywin32-311-cp312-cp312-win32.whl", hash = "sha256:750ec6e621af2b948540032557b10a2d43b0cee2ae9758c54154d711cc852d31", size = 8706543, upload-time = "2025-07-14T20:13:20.765Z" },
    { url = "https://files.pythonhosted.org/packages/d1/a8/a0e8d07d4d051ec7502cd58b291ec98dcc0c3fff027caad0470b72cfcc2f/pywin32-311-cp312-cp312-win_amd64.whl", hash = "sha256:b8c095edad5c211ff31c05223658e71bf7116daa0ecf3ad85f3201ea3190d067", size = 9495040, upload-time = "2025-07-14T20:13:22.543Z" },
    { url = "https://files.pythonhosted.org/packages/ba/3a/2ae996277b4b50f17d61f0603efd8253cb2d79cc7ae159468007b586396d/pywin32-311-cp312-cp312-win_arm64.whl", hash = "sha256:e286f46a9a39c4a18b319c28f59b61de793654af2f395c102b4f819e584b5852", size = 8710102, upload-time = "2025-07-14T20:13:24.682Z" },
    { url = "https://files.pythonhosted.org/packages/a5/be/3fd5de0979fcb3994bfee0d65ed8ca9506a8a1260651b86174f6a86f52b3/pywin32-311-cp313-cp313-win32.whl", hash = "sha256:f95ba5a847cba10dd8c4d8fefa9f2a6cf283b8b88ed6178fa8a6c1ab16054d0d", size = 8705700, upload-time = "2025-07-14T20:13:26.471Z" },
    { url = "https://files.pythonhosted.org/packages/e3/28/e0a1909523c6890208295a29e05c2adb2126364e289826c0a8bc7297bd5c/pywin32-311-cp313-cp313-win_amd64.whl", hash = "sha256:718a38f7e5b058e76aee1c56ddd06908116d35147e133427e59a3983f703a20d", size = 9494700, upload-time = "2025-07-14T20:13:28.243Z" },
    { url = "https://files.pythonhosted.org/packages/04/bf/90339ac0f55726dce7d794e6d79a18a91265bdf3aa70b6b9ca52f35e022a/pywin32-311-cp313-cp313-win_arm64.whl", hash = "sha256:7b4075d959648406202d92a2310cb990fea19b535c7f4a78d3f5e10b926eeb8a", size = 8709318, upload-time = "2025-07-14T20:13:30.348Z" },
    { url = "https://files.pythonhosted.org/packages/c9/31/097f2e132c4f16d99a22bfb777e0fd88bd8e1c634304e102f313af69ace5/pywin32-311-cp314-cp314-win32.whl", hash = "sha256:b7a2c10b93f8986666d0c803ee19b5990885872a7de910fc460f9b0c2fbf92ee", size = 8840714, upload-time = "2025-07-14T20:13:32.449Z" },
    { url = "https://files.pythonhosted.org/packages/90/4b/07c77d8ba0e01349358082713400435347df8426208171ce297da32c313d/pywin32-311-cp314-cp314-win_amd64.whl", hash = "sha256:3aca44c046bd2ed8c90de9cb8427f581c479e594e99b5c0bb19b29c10fd6cb87", size = 9656800, upload-time = "2025-07-14T20:13:34.312Z" },
    { url = "https://files.pythonhosted.org/packages/c0/d2/21af5c535501a7233e734b8af901574572da66fcc254cb35d0609c9080dd/pywin32-311-cp314-cp314-win_arm64.whl", hash = "sha256:a508e2d9025764a8270f93111a970e1d0fbfc33f4153b388bb649b7eec4f9b42", size = 8932540, upload-time = "2025-07-14T20:13:36.379Z" },
]

[[package]]
name = "ruff"
version = "0.14.7"
source = { registry = "https://pypi.org/simple" }
sdist = { url = "https://files.pythonhosted.org/packages/b7/5b/dd7406afa6c95e3d8fa9d652b6d6dd17dd4a6bf63cb477014e8ccd3dcd46/ruff-0.14.7.tar.gz", hash = "sha256:3417deb75d23bd14a722b57b0a1435561db65f0ad97435b4cf9f85ffcef34ae5", size = 5727324, upload-time = "2025-11-28T20:55:10.525Z" }
wheels = [
    { url = "https://files.pythonhosted.org/packages/8c/b1/7ea5647aaf90106f6d102230e5df874613da43d1089864da1553b899ba5e/ruff-0.14.7-py3-none-linux_armv6l.whl", hash = "sha256:b9d5cb5a176c7236892ad7224bc1e63902e4842c460a0b5210701b13e3de4fca", size = 13414475, upload-time = "2025-11-28T20:54:54.569Z" },
    { url = "https://files.pythonhosted.org/packages/af/19/fddb4cd532299db9cdaf0efdc20f5c573ce9952a11cb532d3b859d6d9871/ruff-0.14.7-py3-none-macosx_10_12_x86_64.whl", hash = "sha256:3f64fe375aefaf36ca7d7250292141e39b4cea8250427482ae779a2aa5d90015", size = 13634613, upload-time = "2025-11-28T20:55:17.54Z" },
    { url = "https://files.pythonhosted.org/packages/40/2b/469a66e821d4f3de0440676ed3e04b8e2a1dc7575cf6fa3ba6d55e3c8557/ruff-0.14.7-py3-none-macosx_11_0_arm64.whl", hash = "sha256:93e83bd3a9e1a3bda64cb771c0d47cda0e0d148165013ae2d3554d718632d554", size = 12765458, upload-time = "2025-11-28T20:55:26.128Z" },
    { url = "https://files.pythonhosted.org/packages/f1/05/0b001f734fe550bcfde4ce845948ac620ff908ab7241a39a1b39bb3c5f49/ruff-0.14.7-py3-none-manylinux_2_17_aarch64.manylinux2014_aarch64.whl", hash = "sha256:3838948e3facc59a6070795de2ae16e5786861850f78d5914a03f12659e88f94", size = 13236412, upload-time = "2025-11-28T20:55:28.602Z" },
    { url = "https://files.pythonhosted.org/packages/11/36/8ed15d243f011b4e5da75cd56d6131c6766f55334d14ba31cce5461f28aa/ruff-0.14.7-py3-none-manylinux_2_17_armv7l.manylinux2014_armv7l.whl", hash = "sha256:24c8487194d38b6d71cd0fd17a5b6715cda29f59baca1defe1e3a03240f851d1", size = 13182949, upload-time = "2025-11-28T20:55:33.265Z" },
    { url = "https://files.pythonhosted.org/packages/3b/cf/fcb0b5a195455729834f2a6eadfe2e4519d8ca08c74f6d2b564a4f18f553/ruff-0.14.7-py3-none-manylinux_2_17_i686.manylinux2014_i686.whl", hash = "sha256:79c73db6833f058a4be8ffe4a0913b6d4ad41f6324745179bd2aa09275b01d0b", size = 13816470, upload-time = "2025-11-28T20:55:08.203Z" },
    { url = "https://files.pythonhosted.org/packages/7f/5d/34a4748577ff7a5ed2f2471456740f02e86d1568a18c9faccfc73bd9ca3f/ruff-0.14.7-py3-none-manylinux_2_17_ppc64.manylinux2014_ppc64.whl", hash = "sha256:12eb7014fccff10fc62d15c79d8a6be4d0c2d60fe3f8e4d169a0d2def75f5dad", size = 15289621, upload-time = "2025-11-28T20:55:30.837Z" },
    { url = "https://files.pythonhosted.org/packages/53/53/0a9385f047a858ba133d96f3f8e3c9c66a31cc7c4b445368ef88ebeac209/ruff-0.14.7-py3-none-manylinux_2_17_ppc64le.manylinux2014_ppc64le.whl", hash = "sha256:6c623bbdc902de7ff715a93fa3bb377a4e42dd696937bf95669118773dbf0c50", size = 14975817, upload-time = "2025-11-28T20:55:24.107Z" },
    { url = "https://files.pythonhosted.org/packages/a8/d7/2f1c32af54c3b46e7fadbf8006d8b9bcfbea535c316b0bd8813d6fb25e5d/ruff-0.14.7-py3-none-manylinux_2_17_s390x.manylinux2014_s390x.whl", hash = "sha256:f53accc02ed2d200fa621593cdb3c1ae06aa9b2c3cae70bc96f72f0000ae97a9", size = 14284549, upload-time = "2025-11-28T20:55:06.08Z" },
    { url = "https://files.pythonhosted.org/packages/92/05/434ddd86becd64629c25fb6b4ce7637dd52a45cc4a4415a3008fe61c27b9/ruff-0.14.7-py3-none-manylinux_2_17_x86_64.manylinux2014_x86_64.whl", hash = "sha256:281f0e61a23fcdcffca210591f0f53aafaa15f9025b5b3f9706879aaa8683bc4", size = 14071389, upload-time = "2025-11-28T20:55:35.617Z" },
    { url = "https://files.pythonhosted.org/packages/ff/50/fdf89d4d80f7f9d4f420d26089a79b3bb1538fe44586b148451bc2ba8d9c/ruff-0.14.7-py3-none-manylinux_2_31_riscv64.whl", hash = "sha256:dbbaa5e14148965b91cb090236931182ee522a5fac9bc5575bafc5c07b9f9682", size = 14202679, upload-time = "2025-11-28T20:55:01.472Z" },
    { url = "https://files.pythonhosted.org/packages/77/54/87b34988984555425ce967f08a36df0ebd339bb5d9d0e92a47e41151eafc/ruff-0.14.7-py3-none-musllinux_1_2_aarch64.whl", hash = "sha256:1464b6e54880c0fe2f2d6eaefb6db15373331414eddf89d6b903767ae2458143", size = 13147677, upload-time = "2025-11-28T20:55:19.933Z" },
    { url = "https://files.pythonhosted.org/packages/67/29/f55e4d44edfe053918a16a3299e758e1c18eef216b7a7092550d7a9ec51c/ruff-0.14.7-py3-none-musllinux_1_2_armv7l.whl", hash = "sha256:f217ed871e4621ea6128460df57b19ce0580606c23aeab50f5de425d05226784", size = 13151392, upload-time = "2025-11-28T20:55:21.967Z" },
    { url = "https://files.pythonhosted.org/packages/36/69/47aae6dbd4f1d9b4f7085f4d9dcc84e04561ee7ad067bf52e0f9b02e3209/ruff-0.14.7-py3-none-musllinux_1_2_i686.whl", hash = "sha256:6be02e849440ed3602d2eb478ff7ff07d53e3758f7948a2a598829660988619e", size = 13412230, upload-time = "2025-11-28T20:55:12.749Z" },
    { url = "https://files.pythonhosted.org/packages/b7/4b/6e96cb6ba297f2ba502a231cd732ed7c3de98b1a896671b932a5eefa3804/ruff-0.14.7-py3-none-musllinux_1_2_x86_64.whl", hash = "sha256:19a0f116ee5e2b468dfe80c41c84e2bbd6b74f7b719bee86c2ecde0a34563bcc", size = 14195397, upload-time = "2025-11-28T20:54:56.896Z" },
    { url = "https://files.pythonhosted.org/packages/69/82/251d5f1aa4dcad30aed491b4657cecd9fb4274214da6960ffec144c260f7/ruff-0.14.7-py3-none-win32.whl", hash = "sha256:e33052c9199b347c8937937163b9b149ef6ab2e4bb37b042e593da2e6f6cccfa", size = 13126751, upload-time = "2025-11-28T20:55:03.47Z" },
    { url = "https://files.pythonhosted.org/packages/a8/b5/d0b7d145963136b564806f6584647af45ab98946660d399ec4da79cae036/ruff-0.14.7-py3-none-win_amd64.whl", hash = "sha256:e17a20ad0d3fad47a326d773a042b924d3ac31c6ca6deb6c72e9e6b5f661a7c6", size = 14531726, upload-time = "2025-11-28T20:54:59.121Z" },
    { url = "https://files.pythonhosted.org/packages/1d/d2/1637f4360ada6a368d3265bf39f2cf737a0aaab15ab520fc005903e883f8/ruff-0.14.7-py3-none-win_arm64.whl", hash = "sha256:be4d653d3bea1b19742fcc6502354e32f65cd61ff2fbdb365803ef2c2aec6228", size = 13609215, upload-time = "2025-11-28T20:55:15.375Z" },
]
